
Microsoft Visual Studio Solution File, Format Version 12.00
Project("{FAE04EC0-301F-11D3-BF4B-00C04F79EFBC}") = "ConsoleApp1", "ConsoleApp1\ConsoleApp1.csproj", "{B3C93845-0C44-461D-80DC-912FCAE6BE6B}"
EndProject
Project("{FAE04EC0-301F-11D3-BF4B-00C04F79EFBC}") = "ConsoleApp2-Pairs", "ConsoleApp2-Pairs\ConsoleApp2-Pairs.csproj", "{583009F0-E8D6-4C9A-B76A-49BC0E8D2A4D}"
EndProject
Project("{FAE04EC0-301F-11D3-BF4B-00C04F79EFBC}") = "ConsoleApp2-Stacks", "ConsoleApp2-Stacks\ConsoleApp2-Stacks.csproj", "{BAAC76D9-EDA7-4D7A-BC00-96332304B4E8}"
EndProject
Project("{FAE04EC0-301F-11D3-BF4B-00C04F79EFBC}") = "ConsoleApp6-Tuning", "ConsoleApp6-Tuning\ConsoleApp6-Tuning.csproj", "{0DFDA812-2F97-47CD-8B4A-B6224035ECA0}"
EndProject
Project("{FAE04EC0-301F-11D3-BF4B-00C04F79EFBC}") = "ConsoleApp7-directory", "ConsoleApp7-directory\ConsoleApp7-directory.csproj", "{95FE53B9-5FEC-40C0-BBDF-D57BD8FB852B}"
EndProject
Project("{FAE04EC0-301F-11D3-BF4B-00C04F79EFBC}") = "ConsoleApp8-Trees", "ConsoleApp8-Trees\ConsoleApp8-Trees.csproj", "{E9CE0630-6473-4EF4-9D10-E8151BB90E32}"
EndProject
Project("{FAE04EC0-301F-11D3-BF4B-00C04F79EFBC}") = "ConsoleApp9-Snake", "ConsoleApp9-Snake\ConsoleApp9-Snake.csproj", "{7F3A6DEA-3F04-45CA-AC48-E11214242616}"
EndProject
Project("{FAE04EC0-301F-11D3-BF4B-00C04F79EFBC}") = "ConsoleApp10-SignalStrength", "ConsoleApp10-SignalStrength\ConsoleApp10-SignalStrength.csproj", "{20FE4DD8-0442-4920-BED5-1205E61D7ADE}"
EndProject
Project("{FAE04EC0-301F-11D3-BF4B-00C04F79EFBC}") = "ConsoleApp11-Monkeys", "ConsoleApp11-Monkeys\ConsoleApp11-Monkeys.csproj", "{7FF26372-AA6C-4DA0-800E-25A20C88DCFB}"
EndProject
Project("{FAE04EC0-301F-11D3-BF4B-00C04F79EFBC}") = "ConsoleApp12-Signal", "ConsoleApp12-Signal\ConsoleApp12-Signal.csproj", "{B5813C4D-0A63-4F52-A63B-38911FE8314B}"
EndProject
Project("{FAE04EC0-301F-11D3-BF4B-00C04F79EFBC}") = "ConsoleApp13-SignalLists", "ConsoleApp13-SignalLists\ConsoleApp13-SignalLists.csproj", "{8BA98850-3FA0-4DB8-A466-9038254514A7}"
EndProject
Project("{FAE04EC0-301F-11D3-BF4B-00C04F79EFBC}") = "ConsoleApp14-Sand", "ConsoleApp14-Sand\ConsoleApp14-Sand.csproj", "{03564A12-3854-4AD8-8A24-3643E1BF4974}"
EndProject
Project("{FAE04EC0-301F-11D3-BF4B-00C04F79EFBC}") = "ConsoleApp15-Beacon", "ConsoleApp15-Beacon\ConsoleApp15-Beacon.csproj", "{7B8D1225-EF3A-4C55-8B1A-A5DE07470C0E}"
EndProject
Project("{FAE04EC0-301F-11D3-BF4B-00C04F79EFBC}") = "ConsoleApp16-ValvesAndTunnels", "ConsoleApp16-ValvesAndTunnels\ConsoleApp16-ValvesAndTunnels.csproj", "{A7DB9009-670B-4F33-8EA7-E1FB129F7B07}"
EndProject
Global
	GlobalSection(SolutionConfigurationPlatforms) = preSolution
		Debug|Any CPU = Debug|Any CPU
		Release|Any CPU = Release|Any CPU
	EndGlobalSection
	GlobalSection(ProjectConfigurationPlatforms) = postSolution
		{B3C93845-0C44-461D-80DC-912FCAE6BE6B}.Debug|Any CPU.ActiveCfg = Debug|Any CPU
		{B3C93845-0C44-461D-80DC-912FCAE6BE6B}.Debug|Any CPU.Build.0 = Debug|Any CPU
		{B3C93845-0C44-461D-80DC-912FCAE6BE6B}.Release|Any CPU.ActiveCfg = Release|Any CPU
		{B3C93845-0C44-461D-80DC-912FCAE6BE6B}.Release|Any CPU.Build.0 = Release|Any CPU
		{583009F0-E8D6-4C9A-B76A-49BC0E8D2A4D}.Debug|Any CPU.ActiveCfg = Debug|Any CPU
		{583009F0-E8D6-4C9A-B76A-49BC0E8D2A4D}.Debug|Any CPU.Build.0 = Debug|Any CPU
		{583009F0-E8D6-4C9A-B76A-49BC0E8D2A4D}.Release|Any CPU.ActiveCfg = Release|Any CPU
		{583009F0-E8D6-4C9A-B76A-49BC0E8D2A4D}.Release|Any CPU.Build.0 = Release|Any CPU
		{BAAC76D9-EDA7-4D7A-BC00-96332304B4E8}.Debug|Any CPU.ActiveCfg = Debug|Any CPU
		{BAAC76D9-EDA7-4D7A-BC00-96332304B4E8}.Debug|Any CPU.Build.0 = Debug|Any CPU
		{BAAC76D9-EDA7-4D7A-BC00-96332304B4E8}.Release|Any CPU.ActiveCfg = Release|Any CPU
		{BAAC76D9-EDA7-4D7A-BC00-96332304B4E8}.Release|Any CPU.Build.0 = Release|Any CPU
		{0DFDA812-2F97-47CD-8B4A-B6224035ECA0}.Debug|Any CPU.ActiveCfg = Debug|Any CPU
		{0DFDA812-2F97-47CD-8B4A-B6224035ECA0}.Debug|Any CPU.Build.0 = Debug|Any CPU
		{0DFDA812-2F97-47CD-8B4A-B6224035ECA0}.Release|Any CPU.ActiveCfg = Release|Any CPU
		{0DFDA812-2F97-47CD-8B4A-B6224035ECA0}.Release|Any CPU.Build.0 = Release|Any CPU
		{95FE53B9-5FEC-40C0-BBDF-D57BD8FB852B}.Debug|Any CPU.ActiveCfg = Debug|Any CPU
		{95FE53B9-5FEC-40C0-BBDF-D57BD8FB852B}.Debug|Any CPU.Build.0 = Debug|Any CPU
		{95FE53B9-5FEC-40C0-BBDF-D57BD8FB852B}.Release|Any CPU.ActiveCfg = Release|Any CPU
		{95FE53B9-5FEC-40C0-BBDF-D57BD8FB852B}.Release|Any CPU.Build.0 = Release|Any CPU
		{E9CE0630-6473-4EF4-9D10-E8151BB90E32}.Debug|Any CPU.ActiveCfg = Debug|Any CPU
		{E9CE0630-6473-4EF4-9D10-E8151BB90E32}.Debug|Any CPU.Build.0 = Debug|Any CPU
		{E9CE0630-6473-4EF4-9D10-E8151BB90E32}.Release|Any CPU.ActiveCfg = Release|Any CPU
		{E9CE0630-6473-4EF4-9D10-E8151BB90E32}.Release|Any CPU.Build.0 = Release|Any CPU
		{7F3A6DEA-3F04-45CA-AC48-E11214242616}.Debug|Any CPU.ActiveCfg = Debug|Any CPU
		{7F3A6DEA-3F04-45CA-AC48-E11214242616}.Debug|Any CPU.Build.0 = Debug|Any CPU
		{7F3A6DEA-3F04-45CA-AC48-E11214242616}.Release|Any CPU.ActiveCfg = Release|Any CPU
		{7F3A6DEA-3F04-45CA-AC48-E11214242616}.Release|Any CPU.Build.0 = Release|Any CPU
		{20FE4DD8-0442-4920-BED5-1205E61D7ADE}.Debug|Any CPU.ActiveCfg = Debug|Any CPU
		{20FE4DD8-0442-4920-BED5-1205E61D7ADE}.Debug|Any CPU.Build.0 = Debug|Any CPU
		{20FE4DD8-0442-4920-BED5-1205E61D7ADE}.Release|Any CPU.ActiveCfg = Release|Any CPU
		{20FE4DD8-0442-4920-BED5-1205E61D7ADE}.Release|Any CPU.Build.0 = Release|Any CPU
		{7FF26372-AA6C-4DA0-800E-25A20C88DCFB}.Debug|Any CPU.ActiveCfg = Debug|Any CPU
		{7FF26372-AA6C-4DA0-800E-25A20C88DCFB}.Debug|Any CPU.Build.0 = Debug|Any CPU
		{7FF26372-AA6C-4DA0-800E-25A20C88DCFB}.Release|Any CPU.ActiveCfg = Release|Any CPU
		{7FF26372-AA6C-4DA0-800E-25A20C88DCFB}.Release|Any CPU.Build.0 = Release|Any CPU
		{B5813C4D-0A63-4F52-A63B-38911FE8314B}.Debug|Any CPU.ActiveCfg = Debug|Any CPU
		{B5813C4D-0A63-4F52-A63B-38911FE8314B}.Debug|Any CPU.Build.0 = Debug|Any CPU
		{B5813C4D-0A63-4F52-A63B-38911FE8314B}.Release|Any CPU.ActiveCfg = Release|Any CPU
		{B5813C4D-0A63-4F52-A63B-38911FE8314B}.Release|Any CPU.Build.0 = Release|Any CPU
		{8BA98850-3FA0-4DB8-A466-9038254514A7}.Debug|Any CPU.ActiveCfg = Debug|Any CPU
		{8BA98850-3FA0-4DB8-A466-9038254514A7}.Debug|Any CPU.Build.0 = Debug|Any CPU
		{8BA98850-3FA0-4DB8-A466-9038254514A7}.Release|Any CPU.ActiveCfg = Release|Any CPU
		{8BA98850-3FA0-4DB8-A466-9038254514A7}.Release|Any CPU.Build.0 = Release|Any CPU
		{03564A12-3854-4AD8-8A24-3643E1BF4974}.Debug|Any CPU.ActiveCfg = Debug|Any CPU
		{03564A12-3854-4AD8-8A24-3643E1BF4974}.Debug|Any CPU.Build.0 = Debug|Any CPU
		{03564A12-3854-4AD8-8A24-3643E1BF4974}.Release|Any CPU.ActiveCfg = Release|Any CPU
		{03564A12-3854-4AD8-8A24-3643E1BF4974}.Release|Any CPU.Build.0 = Release|Any CPU
		{7B8D1225-EF3A-4C55-8B1A-A5DE07470C0E}.Debug|Any CPU.ActiveCfg = Debug|Any CPU
		{7B8D1225-EF3A-4C55-8B1A-A5DE07470C0E}.Debug|Any CPU.Build.0 = Debug|Any CPU
		{7B8D1225-EF3A-4C55-8B1A-A5DE07470C0E}.Release|Any CPU.ActiveCfg = Release|Any CPU
		{7B8D1225-EF3A-4C55-8B1A-A5DE07470C0E}.Release|Any CPU.Build.0 = Release|Any CPU
		{A7DB9009-670B-4F33-8EA7-E1FB129F7B07}.Debug|Any CPU.ActiveCfg = Debug|Any CPU
		{A7DB9009-670B-4F33-8EA7-E1FB129F7B07}.Debug|Any CPU.Build.0 = Debug|Any CPU
		{A7DB9009-670B-4F33-8EA7-E1FB129F7B07}.Release|Any CPU.ActiveCfg = Release|Any CPU
		{A7DB9009-670B-4F33-8EA7-E1FB129F7B07}.Release|Any CPU.Build.0 = Release|Any CPU
	EndGlobalSection
EndGlobal
